
Microsoft Visual Studio Solution File, Format Version 12.00
# Visual Studio Version 17
VisualStudioVersion = 17.5.002.0
MinimumVisualStudioVersion = 10.0.40219.1
Project("{9A19103F-16F7-4668-BE54-9A1E7A4F7556}") = "spo-index-with-group-filter", "spo-index-with-group-filter.csproj", "{323A1405-6050-4DD9-B58C-EDB91852DDDD}"
EndProject
Global
	GlobalSection(SolutionConfigurationPlatforms) = preSolution
		Debug|Any CPU = Debug|Any CPU
		Release|Any CPU = Release|Any CPU
	EndGlobalSection
	GlobalSection(ProjectConfigurationPlatforms) = postSolution
		{323A1405-6050-4DD9-B58C-EDB91852DDDD}.Debug|Any CPU.ActiveCfg = Debug|Any CPU
		{323A1405-6050-4DD9-B58C-EDB91852DDDD}.Debug|Any CPU.Build.0 = Debug|Any CPU
		{323A1405-6050-4DD9-B58C-EDB91852DDDD}.Release|Any CPU.ActiveCfg = Release|Any CPU
		{323A1405-6050-4DD9-B58C-EDB91852DDDD}.Release|Any CPU.Build.0 = Release|Any CPU
	EndGlobalSection
	GlobalSection(SolutionProperties) = preSolution
		HideSolutionNode = FALSE
	EndGlobalSection
	GlobalSection(ExtensibilityGlobals) = postSolution
		SolutionGuid = {7CA9FA7F-0C16-4995-B1C8-F504DAAFE45F}
	EndGlobalSection
EndGlobal
